
Microsoft Visual Studio Solution File, Format Version 12.00
# Visual Studio Version 17
VisualStudioVersion = 17.0.31903.59
MinimumVisualStudioVersion = 10.0.40219.1
Project("{2150E333-8FDC-42A3-9474-1A3956D46DE8}") = "src", "src", "{CF482173-C0A1-420A-9BA4-597917441D1B}"
EndProject
Project("{FAE04EC0-301F-11D3-BF4B-00C04F79EFBC}") = "ProductManager.Domain", "src\ProductManager.Domain\ProductManager.Domain.csproj", "{12D6FBAA-E70F-4271-A592-DDD25DA2B702}"
EndProject
Project("{FAE04EC0-301F-11D3-BF4B-00C04F79EFBC}") = "ProductManager.Infrastructure", "src\ProductManager.Infrastructure\ProductManager.Infrastructure.csproj", "{820994F7-1E31-4087-8780-B40C87B57662}"
EndProject
Project("{FAE04EC0-301F-11D3-BF4B-00C04F79EFBC}") = "ProductManager.Api", "src\ProductManager.Api\ProductManager.Api.csproj", "{7DDAC862-DABA-484B-A4B9-604D6623AF73}"
EndProject
Global
	GlobalSection(SolutionConfigurationPlatforms) = preSolution
		Debug|Any CPU = Debug|Any CPU
		Release|Any CPU = Release|Any CPU
	EndGlobalSection
	GlobalSection(SolutionProperties) = preSolution
		HideSolutionNode = FALSE
	EndGlobalSection
	GlobalSection(ProjectConfigurationPlatforms) = postSolution
		{12D6FBAA-E70F-4271-A592-DDD25DA2B702}.Debug|Any CPU.ActiveCfg = Debug|Any CPU
		{12D6FBAA-E70F-4271-A592-DDD25DA2B702}.Debug|Any CPU.Build.0 = Debug|Any CPU
		{12D6FBAA-E70F-4271-A592-DDD25DA2B702}.Release|Any CPU.ActiveCfg = Release|Any CPU
		{12D6FBAA-E70F-4271-A592-DDD25DA2B702}.Release|Any CPU.Build.0 = Release|Any CPU
		{820994F7-1E31-4087-8780-B40C87B57662}.Debug|Any CPU.ActiveCfg = Debug|Any CPU
		{820994F7-1E31-4087-8780-B40C87B57662}.Debug|Any CPU.Build.0 = Debug|Any CPU
		{820994F7-1E31-4087-8780-B40C87B57662}.Release|Any CPU.ActiveCfg = Release|Any CPU
		{820994F7-1E31-4087-8780-B40C87B57662}.Release|Any CPU.Build.0 = Release|Any CPU
		{7DDAC862-DABA-484B-A4B9-604D6623AF73}.Debug|Any CPU.ActiveCfg = Debug|Any CPU
		{7DDAC862-DABA-484B-A4B9-604D6623AF73}.Debug|Any CPU.Build.0 = Debug|Any CPU
		{7DDAC862-DABA-484B-A4B9-604D6623AF73}.Release|Any CPU.ActiveCfg = Release|Any CPU
		{7DDAC862-DABA-484B-A4B9-604D6623AF73}.Release|Any CPU.Build.0 = Release|Any CPU
	EndGlobalSection
	GlobalSection(NestedProjects) = preSolution
		{12D6FBAA-E70F-4271-A592-DDD25DA2B702} = {CF482173-C0A1-420A-9BA4-597917441D1B}
		{820994F7-1E31-4087-8780-B40C87B57662} = {CF482173-C0A1-420A-9BA4-597917441D1B}
		{7DDAC862-DABA-484B-A4B9-604D6623AF73} = {CF482173-C0A1-420A-9BA4-597917441D1B}
	EndGlobalSection
EndGlobal
